
Microsoft Visual Studio Solution File, Format Version 12.00
Project("{FAE04EC0-301F-11D3-BF4B-00C04F79EFBC}") = "FilepathAnalysis", "FilepathAnalysis\FilepathAnalysis.csproj", "{95E50367-B31E-445C-8CA2-F63988EFC859}"
EndProject
Global
	GlobalSection(SolutionConfigurationPlatforms) = preSolution
		Debug|x64 = Debug|x64
		Release|x64 = Release|x64
	EndGlobalSection
	GlobalSection(ProjectConfigurationPlatforms) = postSolution
		{95E50367-B31E-445C-8CA2-F63988EFC859}.Debug|x64.ActiveCfg = Debug|x64
		{95E50367-B31E-445C-8CA2-F63988EFC859}.Debug|x64.Build.0 = Debug|x64
		{95E50367-B31E-445C-8CA2-F63988EFC859}.Release|x64.ActiveCfg = Release|x64
		{95E50367-B31E-445C-8CA2-F63988EFC859}.Release|x64.Build.0 = Release|x64
	EndGlobalSection
EndGlobal
